
Microsoft Visual Studio Solution File, Format Version 12.00
# Visual Studio 15
VisualStudioVersion = 15.0.26730.12
MinimumVisualStudioVersion = 10.0.40219.1
Project("{9A19103F-16F7-4668-BE54-9A1E7A4F7556}") = "CleanCodeDotNet", "src\CleanCodeDotNet.csproj", "{4BBAB7C0-9313-4CC8-BB98-ACE72B138F97}"
EndProject
Project("{2150E333-8FDC-42A3-9474-1A3956D46DE8}") = "Solution Items", "Solution Items", "{E5D76D3C-9CC9-4459-8393-324C799F3404}"
	ProjectSection(SolutionItems) = preProject
		.gitignore = .gitignore
		README.md = README.md
	EndProjectSection
EndProject
Global
	GlobalSection(SolutionConfigurationPlatforms) = preSolution
		Debug|Any CPU = Debug|Any CPU
		Release|Any CPU = Release|Any CPU
	EndGlobalSection
	GlobalSection(ProjectConfigurationPlatforms) = postSolution
		{4BBAB7C0-9313-4CC8-BB98-ACE72B138F97}.Debug|Any CPU.ActiveCfg = Debug|Any CPU
		{4BBAB7C0-9313-4CC8-BB98-ACE72B138F97}.Debug|Any CPU.Build.0 = Debug|Any CPU
		{4BBAB7C0-9313-4CC8-BB98-ACE72B138F97}.Release|Any CPU.ActiveCfg = Release|Any CPU
		{4BBAB7C0-9313-4CC8-BB98-ACE72B138F97}.Release|Any CPU.Build.0 = Release|Any CPU
	EndGlobalSection
	GlobalSection(SolutionProperties) = preSolution
		HideSolutionNode = FALSE
	EndGlobalSection
	GlobalSection(ExtensibilityGlobals) = postSolution
		SolutionGuid = {EA4F3C6F-921E-465A-B666-FFB1BF6BE804}
	EndGlobalSection
EndGlobal
